
Microsoft Visual Studio Solution File, Format Version 12.00
# Visual Studio Version 17
VisualStudioVersion = 17.6.33723.286
MinimumVisualStudioVersion = 10.0.40219.1
Project("{FAE04EC0-301F-11D3-BF4B-00C04F79EFBC}") = "JackCompiler", "JackCompiler.csproj", "{1A25B440-4568-4B0C-973B-290727F9A58E}"
EndProject
Global
	GlobalSection(SolutionConfigurationPlatforms) = preSolution
		Debug|Any CPU = Debug|Any CPU
		Release|Any CPU = Release|Any CPU
	EndGlobalSection
	GlobalSection(ProjectConfigurationPlatforms) = postSolution
		{1A25B440-4568-4B0C-973B-290727F9A58E}.Debug|Any CPU.ActiveCfg = Debug|Any CPU
		{1A25B440-4568-4B0C-973B-290727F9A58E}.Debug|Any CPU.Build.0 = Debug|Any CPU
		{1A25B440-4568-4B0C-973B-290727F9A58E}.Release|Any CPU.ActiveCfg = Release|Any CPU
		{1A25B440-4568-4B0C-973B-290727F9A58E}.Release|Any CPU.Build.0 = Release|Any CPU
	EndGlobalSection
	GlobalSection(SolutionProperties) = preSolution
		HideSolutionNode = FALSE
	EndGlobalSection
	GlobalSection(ExtensibilityGlobals) = postSolution
		SolutionGuid = {C7A3243D-FBD2-4AAC-ADB4-066BC55870EF}
	EndGlobalSection
EndGlobal
